// !$*UTF8*$!
{
	archiveVersion = 1;
	classes = {
	};
	objectVersion = 56;
	objects = {

/* Begin PBXBuildFile section */
		9602F2672BB2C59A005104E1 /* AppDelegate.swift in Sources */ = {isa = PBXBuildFile; fileRef = 9602F2662BB2C59A005104E1 /* AppDelegate.swift */; };
		9602F2692BB2C59A005104E1 /* SceneDelegate.swift in Sources */ = {isa = PBXBuildFile; fileRef = 9602F2682BB2C59A005104E1 /* SceneDelegate.swift */; };
		9602F26B2BB2C59A005104E1 /* ListenerViewController.swift in Sources */ = {isa = PBXBuildFile; fileRef = 9602F26A2BB2C59A005104E1 /* ListenerViewController.swift */; };
		9602F2702BB2C59C005104E1 /* Assets.xcassets in Resources */ = {isa = PBXBuildFile; fileRef = 9602F26F2BB2C59C005104E1 /* Assets.xcassets */; };
		9602F2732BB2C59C005104E1 /* Base in Resources */ = {isa = PBXBuildFile; fileRef = 9602F2722BB2C59C005104E1 /* Base */; };
		9602F27D2BB343DB005104E1 /* SenderViewController.swift in Sources */ = {isa = PBXBuildFile; fileRef = 9602F27C2BB343DB005104E1 /* SenderViewController.swift */; };
		9602F2802BB35919005104E1 /* User.swift in Sources */ = {isa = PBXBuildFile; fileRef = 9602F27F2BB35919005104E1 /* User.swift */; };
		9602F2852BB35A00005104E1 /* SenderNotificationViewController.swift in Sources */ = {isa = PBXBuildFile; fileRef = 9602F2842BB35A00005104E1 /* SenderNotificationViewController.swift */; };
		9602F2872BB35A0B005104E1 /* ListenerNotificationViewController.swift in Sources */ = {isa = PBXBuildFile; fileRef = 9602F2862BB35A0B005104E1 /* ListenerNotificationViewController.swift */; };
		9602F2892BB35CFA005104E1 /* SearchBarViewController.swift in Sources */ = {isa = PBXBuildFile; fileRef = 9602F2882BB35CFA005104E1 /* SearchBarViewController.swift */; };
		9602F28B2BB37FD6005104E1 /* CustomCell.swift in Sources */ = {isa = PBXBuildFile; fileRef = 9602F28A2BB37FD6005104E1 /* CustomCell.swift */; };
		96D036942BB43605004E01C5 /* CustomEmptyView.swift in Sources */ = {isa = PBXBuildFile; fileRef = 96D036932BB43605004E01C5 /* CustomEmptyView.swift */; };
		96D036962BB43E2E004E01C5 /* SenderClosureViewController.swift in Sources */ = {isa = PBXBuildFile; fileRef = 96D036952BB43E2E004E01C5 /* SenderClosureViewController.swift */; };
		96D036982BB43E43004E01C5 /* ListenerClosureViewController.swift in Sources */ = {isa = PBXBuildFile; fileRef = 96D036972BB43E43004E01C5 /* ListenerClosureViewController.swift */; };
		96D0369A2BB441B9004E01C5 /* OtherQuestions.swift in Sources */ = {isa = PBXBuildFile; fileRef = 96D036992BB441B9004E01C5 /* OtherQuestions.swift */; };
/* End PBXBuildFile section */

/* Begin PBXFileReference section */
		9602F2632BB2C59A005104E1 /* 25-03-2024-homework.app */ = {isa = PBXFileReference; explicitFileType = wrapper.application; includeInIndex = 0; path = "25-03-2024-homework.app"; sourceTree = BUILT_PRODUCTS_DIR; };
		9602F2662BB2C59A005104E1 /* AppDelegate.swift */ = {isa = PBXFileReference; lastKnownFileType = sourcecode.swift; path = AppDelegate.swift; sourceTree = "<group>"; };
		9602F2682BB2C59A005104E1 /* SceneDelegate.swift */ = {isa = PBXFileReference; lastKnownFileType = sourcecode.swift; path = SceneDelegate.swift; sourceTree = "<group>"; };
		9602F26A2BB2C59A005104E1 /* ListenerViewController.swift */ = {isa = PBXFileReference; lastKnownFileType = sourcecode.swift; path = ListenerViewController.swift; sourceTree = "<group>"; };
		9602F26F2BB2C59C005104E1 /* Assets.xcassets */ = {isa = PBXFileReference; lastKnownFileType = folder.assetcatalog; path = Assets.xcassets; sourceTree = "<group>"; };
		9602F2722BB2C59C005104E1 /* Base */ = {isa = PBXFileReference; lastKnownFileType = file.storyboard; name = Base; path = Base.lproj/LaunchScreen.storyboard; sourceTree = "<group>"; };
		9602F2742BB2C59C005104E1 /* Info.plist */ = {isa = PBXFileReference; lastKnownFileType = text.plist.xml; path = Info.plist; sourceTree = "<group>"; };
		9602F27C2BB343DB005104E1 /* SenderViewController.swift */ = {isa = PBXFileReference; lastKnownFileType = sourcecode.swift; path = SenderViewController.swift; sourceTree = "<group>"; };
		9602F27F2BB35919005104E1 /* User.swift */ = {isa = PBXFileReference; lastKnownFileType = sourcecode.swift; path = User.swift; sourceTree = "<group>"; };
		9602F2842BB35A00005104E1 /* SenderNotificationViewController.swift */ = {isa = PBXFileReference; lastKnownFileType = sourcecode.swift; path = SenderNotificationViewController.swift; sourceTree = "<group>"; };
		9602F2862BB35A0B005104E1 /* ListenerNotificationViewController.swift */ = {isa = PBXFileReference; lastKnownFileType = sourcecode.swift; path = ListenerNotificationViewController.swift; sourceTree = "<group>"; };
		9602F2882BB35CFA005104E1 /* SearchBarViewController.swift */ = {isa = PBXFileReference; lastKnownFileType = sourcecode.swift; path = SearchBarViewController.swift; sourceTree = "<group>"; };
		9602F28A2BB37FD6005104E1 /* CustomCell.swift */ = {isa = PBXFileReference; lastKnownFileType = sourcecode.swift; path = CustomCell.swift; sourceTree = "<group>"; };
		96D036932BB43605004E01C5 /* CustomEmptyView.swift */ = {isa = PBXFileReference; lastKnownFileType = sourcecode.swift; path = CustomEmptyView.swift; sourceTree = "<group>"; };
		96D036952BB43E2E004E01C5 /* SenderClosureViewController.swift */ = {isa = PBXFileReference; lastKnownFileType = sourcecode.swift; path = SenderClosureViewController.swift; sourceTree = "<group>"; };
		96D036972BB43E43004E01C5 /* ListenerClosureViewController.swift */ = {isa = PBXFileReference; lastKnownFileType = sourcecode.swift; path = ListenerClosureViewController.swift; sourceTree = "<group>"; };
		96D036992BB441B9004E01C5 /* OtherQuestions.swift */ = {isa = PBXFileReference; lastKnownFileType = sourcecode.swift; path = OtherQuestions.swift; sourceTree = "<group>"; };
/* End PBXFileReference section */

/* Begin PBXFrameworksBuildPhase section */
		9602F2602BB2C59A005104E1 /* Frameworks */ = {
			isa = PBXFrameworksBuildPhase;
			buildActionMask = 2147483647;
			files = (
			);
			runOnlyForDeploymentPostprocessing = 0;
		};
/* End PBXFrameworksBuildPhase section */

/* Begin PBXGroup section */
		9602F25A2BB2C59A005104E1 = {
			isa = PBXGroup;
			children = (
				9602F2652BB2C59A005104E1 /* 25-03-2024-homework */,
				9602F2642BB2C59A005104E1 /* Products */,
			);
			sourceTree = "<group>";
		};
		9602F2642BB2C59A005104E1 /* Products */ = {
			isa = PBXGroup;
			children = (
				9602F2632BB2C59A005104E1 /* 25-03-2024-homework.app */,
			);
			name = Products;
			sourceTree = "<group>";
		};
		9602F2652BB2C59A005104E1 /* 25-03-2024-homework */ = {
			isa = PBXGroup;
			children = (
				96D036992BB441B9004E01C5 /* OtherQuestions.swift */,
				9602F2832BB359D3005104E1 /* Notification Center Homework */,
				9602F2822BB35944005104E1 /* Closure Homework */,
				9602F2812BB35927005104E1 /* SearchBar Homework */,
				9602F27E2BB35905005104E1 /* Model */,
				9602F27B2BB343C1005104E1 /* Delegate Homework */,
				9602F2662BB2C59A005104E1 /* AppDelegate.swift */,
				9602F2682BB2C59A005104E1 /* SceneDelegate.swift */,
				9602F26F2BB2C59C005104E1 /* Assets.xcassets */,
				9602F2712BB2C59C005104E1 /* LaunchScreen.storyboard */,
				9602F2742BB2C59C005104E1 /* Info.plist */,
			);
			path = "25-03-2024-homework";
			sourceTree = "<group>";
		};
		9602F27B2BB343C1005104E1 /* Delegate Homework */ = {
			isa = PBXGroup;
			children = (
				9602F26A2BB2C59A005104E1 /* ListenerViewController.swift */,
				9602F27C2BB343DB005104E1 /* SenderViewController.swift */,
			);
			path = "Delegate Homework";
			sourceTree = "<group>";
		};
		9602F27E2BB35905005104E1 /* Model */ = {
			isa = PBXGroup;
			children = (
				9602F27F2BB35919005104E1 /* User.swift */,
			);
			path = Model;
			sourceTree = "<group>";
		};
		9602F2812BB35927005104E1 /* SearchBar Homework */ = {
			isa = PBXGroup;
			children = (
				9602F2882BB35CFA005104E1 /* SearchBarViewController.swift */,
				9602F28A2BB37FD6005104E1 /* CustomCell.swift */,
				96D036932BB43605004E01C5 /* CustomEmptyView.swift */,
			);
			path = "SearchBar Homework";
			sourceTree = "<group>";
		};
		9602F2822BB35944005104E1 /* Closure Homework */ = {
			isa = PBXGroup;
			children = (
				96D036952BB43E2E004E01C5 /* SenderClosureViewController.swift */,
				96D036972BB43E43004E01C5 /* ListenerClosureViewController.swift */,
			);
			path = "Closure Homework";
			sourceTree = "<group>";
		};
		9602F2832BB359D3005104E1 /* Notification Center Homework */ = {
			isa = PBXGroup;
			children = (
				9602F2842BB35A00005104E1 /* SenderNotificationViewController.swift */,
				9602F2862BB35A0B005104E1 /* ListenerNotificationViewController.swift */,
			);
			path = "Notification Center Homework";
			sourceTree = "<group>";
		};
/* End PBXGroup section */

/* Begin PBXNativeTarget section */
		9602F2622BB2C59A005104E1 /* 25-03-2024-homework */ = {
			isa = PBXNativeTarget;
			buildConfigurationList = 9602F2772BB2C59C005104E1 /* Build configuration list for PBXNativeTarget "25-03-2024-homework" */;
			buildPhases = (
				9602F25F2BB2C59A005104E1 /* Sources */,
				9602F2602BB2C59A005104E1 /* Frameworks */,
				9602F2612BB2C59A005104E1 /* Resources */,
			);
			buildRules = (
			);
			dependencies = (
			);
			name = "25-03-2024-homework";
			productName = "25-03-2024-homework";
			productReference = 9602F2632BB2C59A005104E1 /* 25-03-2024-homework.app */;
			productType = "com.apple.product-type.application";
		};
/* End PBXNativeTarget section */

/* Begin PBXProject section */
		9602F25B2BB2C59A005104E1 /* Project object */ = {
			isa = PBXProject;
			attributes = {
				BuildIndependentTargetsInParallel = 1;
				LastSwiftUpdateCheck = 1530;
				LastUpgradeCheck = 1530;
				TargetAttributes = {
					9602F2622BB2C59A005104E1 = {
						CreatedOnToolsVersion = 15.3;
					};
				};
			};
			buildConfigurationList = 9602F25E2BB2C59A005104E1 /* Build configuration list for PBXProject "25-03-2024-homework" */;
			compatibilityVersion = "Xcode 14.0";
			developmentRegion = en;
			hasScannedForEncodings = 0;
			knownRegions = (
				en,
				Base,
			);
			mainGroup = 9602F25A2BB2C59A005104E1;
			productRefGroup = 9602F2642BB2C59A005104E1 /* Products */;
			projectDirPath = "";
			projectRoot = "";
			targets = (
				9602F2622BB2C59A005104E1 /* 25-03-2024-homework */,
			);
		};
/* End PBXProject section */

/* Begin PBXResourcesBuildPhase section */
		9602F2612BB2C59A005104E1 /* Resources */ = {
			isa = PBXResourcesBuildPhase;
			buildActionMask = 2147483647;
			files = (
				9602F2702BB2C59C005104E1 /* Assets.xcassets in Resources */,
				9602F2732BB2C59C005104E1 /* Base in Resources */,
			);
			runOnlyForDeploymentPostprocessing = 0;
		};
/* End PBXResourcesBuildPhase section */

/* Begin PBXSourcesBuildPhase section */
		9602F25F2BB2C59A005104E1 /* Sources */ = {
			isa = PBXSourcesBuildPhase;
			buildActionMask = 2147483647;
			files = (
				9602F26B2BB2C59A005104E1 /* ListenerViewController.swift in Sources */,
				96D036962BB43E2E004E01C5 /* SenderClosureViewController.swift in Sources */,
				9602F2872BB35A0B005104E1 /* ListenerNotificationViewController.swift in Sources */,
				9602F2892BB35CFA005104E1 /* SearchBarViewController.swift in Sources */,
				9602F27D2BB343DB005104E1 /* SenderViewController.swift in Sources */,
				9602F28B2BB37FD6005104E1 /* CustomCell.swift in Sources */,
				96D0369A2BB441B9004E01C5 /* OtherQuestions.swift in Sources */,
				9602F2852BB35A00005104E1 /* SenderNotificationViewController.swift in Sources */,
				9602F2672BB2C59A005104E1 /* AppDelegate.swift in Sources */,
				96D036982BB43E43004E01C5 /* ListenerClosureViewController.swift in Sources */,
				96D036942BB43605004E01C5 /* CustomEmptyView.swift in Sources */,
				9602F2802BB35919005104E1 /* User.swift in Sources */,
				9602F2692BB2C59A005104E1 /* SceneDelegate.swift in Sources */,
			);
			runOnlyForDeploymentPostprocessing = 0;
		};
/* End PBXSourcesBuildPhase section */

/* Begin PBXVariantGroup section */
		9602F2712BB2C59C005104E1 /* LaunchScreen.storyboard */ = {
			isa = PBXVariantGroup;
			children = (
				9602F2722BB2C59C005104E1 /* Base */,
			);
			name = LaunchScreen.storyboard;
			sourceTree = "<group>";
		};
/* End PBXVariantGroup section */

/* Begin XCBuildConfiguration section */
		9602F2752BB2C59C005104E1 /* Debug */ = {
			isa = XCBuildConfiguration;
			buildSettings = {
				ALWAYS_SEARCH_USER_PATHS = NO;
				ASSETCATALOG_COMPILER_GENERATE_SWIFT_ASSET_SYMBOL_EXTENSIONS = YES;
				CLANG_ANALYZER_NONNULL = YES;
				CLANG_ANALYZER_NUMBER_OBJECT_CONVERSION = YES_AGGRESSIVE;
				CLANG_CXX_LANGUAGE_STANDARD = "gnu++20";
				CLANG_ENABLE_MODULES = YES;
				CLANG_ENABLE_OBJC_ARC = YES;
				CLANG_ENABLE_OBJC_WEAK = YES;
				CLANG_WARN_BLOCK_CAPTURE_AUTORELEASING = YES;
				CLANG_WARN_BOOL_CONVERSION = YES;
				CLANG_WARN_COMMA = YES;
				CLANG_WARN_CONSTANT_CONVERSION = YES;
				CLANG_WARN_DEPRECATED_OBJC_IMPLEMENTATIONS = YES;
				CLANG_WARN_DIRECT_OBJC_ISA_USAGE = YES_ERROR;
				CLANG_WARN_DOCUMENTATION_COMMENTS = YES;
				CLANG_WARN_EMPTY_BODY = YES;
				CLANG_WARN_ENUM_CONVERSION = YES;
				CLANG_WARN_INFINITE_RECURSION = YES;
				CLANG_WARN_INT_CONVERSION = YES;
				CLANG_WARN_NON_LITERAL_NULL_CONVERSION = YES;
				CLANG_WARN_OBJC_IMPLICIT_RETAIN_SELF = YES;
				CLANG_WARN_OBJC_LITERAL_CONVERSION = YES;
				CLANG_WARN_OBJC_ROOT_CLASS = YES_ERROR;
				CLANG_WARN_QUOTED_INCLUDE_IN_FRAMEWORK_HEADER = YES;
				CLANG_WARN_RANGE_LOOP_ANALYSIS = YES;
				CLANG_WARN_STRICT_PROTOTYPES = YES;
				CLANG_WARN_SUSPICIOUS_MOVE = YES;
				CLANG_WARN_UNGUARDED_AVAILABILITY = YES_AGGRESSIVE;
				CLANG_WARN_UNREACHABLE_CODE = YES;
				CLANG_WARN__DUPLICATE_METHOD_MATCH = YES;
				COPY_PHASE_STRIP = NO;
				DEBUG_INFORMATION_FORMAT = dwarf;
				ENABLE_STRICT_OBJC_MSGSEND = YES;
				ENABLE_TESTABILITY = YES;
				ENABLE_USER_SCRIPT_SANDBOXING = YES;
				GCC_C_LANGUAGE_STANDARD = gnu17;
				GCC_DYNAMIC_NO_PIC = NO;
				GCC_NO_COMMON_BLOCKS = YES;
				GCC_OPTIMIZATION_LEVEL = 0;
				GCC_PREPROCESSOR_DEFINITIONS = (
					"DEBUG=1",
					"$(inherited)",
				);
				GCC_WARN_64_TO_32_BIT_CONVERSION = YES;
				GCC_WARN_ABOUT_RETURN_TYPE = YES_ERROR;
				GCC_WARN_UNDECLARED_SELECTOR = YES;
				GCC_WARN_UNINITIALIZED_AUTOS = YES_AGGRESSIVE;
				GCC_WARN_UNUSED_FUNCTION = YES;
				GCC_WARN_UNUSED_VARIABLE = YES;
				IPHONEOS_DEPLOYMENT_TARGET = 17.4;
				LOCALIZATION_PREFERS_STRING_CATALOGS = YES;
				MTL_ENABLE_DEBUG_INFO = INCLUDE_SOURCE;
				MTL_FAST_MATH = YES;
				ONLY_ACTIVE_ARCH = YES;
				SDKROOT = iphoneos;
				SWIFT_ACTIVE_COMPILATION_CONDITIONS = "DEBUG $(inherited)";
				SWIFT_OPTIMIZATION_LEVEL = "-Onone";
			};
			name = Debug;
		};
		9602F2762BB2C59C005104E1 /* Release */ = {
			isa = XCBuildConfiguration;
			buildSettings = {
				ALWAYS_SEARCH_USER_PATHS = NO;
				ASSETCATALOG_COMPILER_GENERATE_SWIFT_ASSET_SYMBOL_EXTENSIONS = YES;
				CLANG_ANALYZER_NONNULL = YES;
				CLANG_ANALYZER_NUMBER_OBJECT_CONVERSION = YES_AGGRESSIVE;
				CLANG_CXX_LANGUAGE_STANDARD = "gnu++20";
				CLANG_ENABLE_MODULES = YES;
				CLANG_ENABLE_OBJC_ARC = YES;
				CLANG_ENABLE_OBJC_WEAK = YES;
				CLANG_WARN_BLOCK_CAPTURE_AUTORELEASING = YES;
				CLANG_WARN_BOOL_CONVERSION = YES;
				CLANG_WARN_COMMA = YES;
				CLANG_WARN_CONSTANT_CONVERSION = YES;
				CLANG_WARN_DEPRECATED_OBJC_IMPLEMENTATIONS = YES;
				CLANG_WARN_DIRECT_OBJC_ISA_USAGE = YES_ERROR;
				CLANG_WARN_DOCUMENTATION_COMMENTS = YES;
				CLANG_WARN_EMPTY_BODY = YES;
				CLANG_WARN_ENUM_CONVERSION = YES;
				CLANG_WARN_INFINITE_RECURSION = YES;
				CLANG_WARN_INT_CONVERSION = YES;
				CLANG_WARN_NON_LITERAL_NULL_CONVERSION = YES;
				CLANG_WARN_OBJC_IMPLICIT_RETAIN_SELF = YES;
				CLANG_WARN_OBJC_LITERAL_CONVERSION = YES;
				CLANG_WARN_OBJC_ROOT_CLASS = YES_ERROR;
				CLANG_WARN_QUOTED_INCLUDE_IN_FRAMEWORK_HEADER = YES;
				CLANG_WARN_RANGE_LOOP_ANALYSIS = YES;
				CLANG_WARN_STRICT_PROTOTYPES = YES;
				CLANG_WARN_SUSPICIOUS_MOVE = YES;
				CLANG_WARN_UNGUARDED_AVAILABILITY = YES_AGGRESSIVE;
				CLANG_WARN_UNREACHABLE_CODE = YES;
				CLANG_WARN__DUPLICATE_METHOD_MATCH = YES;
				COPY_PHASE_STRIP = NO;
				DEBUG_INFORMATION_FORMAT = "dwarf-with-dsym";
				ENABLE_NS_ASSERTIONS = NO;
				ENABLE_STRICT_OBJC_MSGSEND = YES;
				ENABLE_USER_SCRIPT_SANDBOXING = YES;
				GCC_C_LANGUAGE_STANDARD = gnu17;
				GCC_NO_COMMON_BLOCKS = YES;
				GCC_WARN_64_TO_32_BIT_CONVERSION = YES;
				GCC_WARN_ABOUT_RETURN_TYPE = YES_ERROR;
				GCC_WARN_UNDECLARED_SELECTOR = YES;
				GCC_WARN_UNINITIALIZED_AUTOS = YES_AGGRESSIVE;
				GCC_WARN_UNUSED_FUNCTION = YES;
				GCC_WARN_UNUSED_VARIABLE = YES;
				IPHONEOS_DEPLOYMENT_TARGET = 17.4;
				LOCALIZATION_PREFERS_STRING_CATALOGS = YES;
				MTL_ENABLE_DEBUG_INFO = NO;
				MTL_FAST_MATH = YES;
				SDKROOT = iphoneos;
				SWIFT_COMPILATION_MODE = wholemodule;
				VALIDATE_PRODUCT = YES;
			};
			name = Release;
		};
		9602F2782BB2C59C005104E1 /* Debug */ = {
			isa = XCBuildConfiguration;
			buildSettings = {
				ASSETCATALOG_COMPILER_APPICON_NAME = AppIcon;
				ASSETCATALOG_COMPILER_GLOBAL_ACCENT_COLOR_NAME = AccentColor;
				CODE_SIGN_STYLE = Automatic;
				CURRENT_PROJECT_VERSION = 1;
				DEVELOPMENT_TEAM = 28MJ2TX529;
				GENERATE_INFOPLIST_FILE = YES;
				INFOPLIST_FILE = "25-03-2024-homework/Info.plist";
				INFOPLIST_KEY_UIApplicationSupportsIndirectInputEvents = YES;
				INFOPLIST_KEY_UILaunchStoryboardName = LaunchScreen;
				INFOPLIST_KEY_UISupportedInterfaceOrientations_iPad = "UIInterfaceOrientationPortrait UIInterfaceOrientationPortraitUpsideDown UIInterfaceOrientationLandscapeLeft UIInterfaceOrientationLandscapeRight";
				INFOPLIST_KEY_UISupportedInterfaceOrientations_iPhone = "UIInterfaceOrientationPortrait UIInterfaceOrientationLandscapeLeft UIInterfaceOrientationLandscapeRight";
				LD_RUNPATH_SEARCH_PATHS = (
					"$(inherited)",
					"@executable_path/Frameworks",
				);
				MARKETING_VERSION = 1.0;
				PRODUCT_BUNDLE_IDENTIFIER = "com.mertozseven.-5-03-2024-homework";
				PRODUCT_NAME = "$(TARGET_NAME)";
				SWIFT_EMIT_LOC_STRINGS = YES;
				SWIFT_VERSION = 5.0;
				TARGETED_DEVICE_FAMILY = "1,2";
			};
			name = Debug;
		};
		9602F2792BB2C59C005104E1 /* Release */ = {
			isa = XCBuildConfiguration;
			buildSettings = {
				ASSETCATALOG_COMPILER_APPICON_NAME = AppIcon;
				ASSETCATALOG_COMPILER_GLOBAL_ACCENT_COLOR_NAME = AccentColor;
				CODE_SIGN_STYLE = Automatic;
				CURRENT_PROJECT_VERSION = 1;
				DEVELOPMENT_TEAM = 28MJ2TX529;
				GENERATE_INFOPLIST_FILE = YES;
				INFOPLIST_FILE = "25-03-2024-homework/Info.plist";
				INFOPLIST_KEY_UIApplicationSupportsIndirectInputEvents = YES;
				INFOPLIST_KEY_UILaunchStoryboardName = LaunchScreen;
				INFOPLIST_KEY_UISupportedInterfaceOrientations_iPad = "UIInterfaceOrientationPortrait UIInterfaceOrientationPortraitUpsideDown UIInterfaceOrientationLandscapeLeft UIInterfaceOrientationLandscapeRight";
				INFOPLIST_KEY_UISupportedInterfaceOrientations_iPhone = "UIInterfaceOrientationPortrait UIInterfaceOrientationLandscapeLeft UIInterfaceOrientationLandscapeRight";
				LD_RUNPATH_SEARCH_PATHS = (
					"$(inherited)",
					"@executable_path/Frameworks",
				);
				MARKETING_VERSION = 1.0;
				PRODUCT_BUNDLE_IDENTIFIER = "com.mertozseven.-5-03-2024-homework";
				PRODUCT_NAME = "$(TARGET_NAME)";
				SWIFT_EMIT_LOC_STRINGS = YES;
				SWIFT_VERSION = 5.0;
				TARGETED_DEVICE_FAMILY = "1,2";
			};
			name = Release;
		};
/* End XCBuildConfiguration section */

/* Begin XCConfigurationList section */
		9602F25E2BB2C59A005104E1 /* Build configuration list for PBXProject "25-03-2024-homework" */ = {
			isa = XCConfigurationList;
			buildConfigurations = (
				9602F2752BB2C59C005104E1 /* Debug */,
				9602F2762BB2C59C005104E1 /* Release */,
			);
			defaultConfigurationIsVisible = 0;
			defaultConfigurationName = Release;
		};
		9602F2772BB2C59C005104E1 /* Build configuration list for PBXNativeTarget "25-03-2024-homework" */ = {
			isa = XCConfigurationList;
			buildConfigurations = (
				9602F2782BB2C59C005104E1 /* Debug */,
				9602F2792BB2C59C005104E1 /* Release */,
			);
			defaultConfigurationIsVisible = 0;
			defaultConfigurationName = Release;
		};
/* End XCConfigurationList section */
	};
	rootObject = 9602F25B2BB2C59A005104E1 /* Project object */;
}
